
Microsoft Visual Studio Solution File, Format Version 12.00
# Visual Studio 15
VisualStudioVersion = 15.0.27130.2010
MinimumVisualStudioVersion = 10.0.40219.1
Project("{9A19103F-16F7-4668-BE54-9A1E7A4F7556}") = "backendhotel", "backendhotel.csproj", "{888D09A9-0466-47DF-8731-4F51A1F7F7D2}"
EndProject
Global
	GlobalSection(SolutionConfigurationPlatforms) = preSolution
		Debug|Any CPU = Debug|Any CPU
		Release|Any CPU = Release|Any CPU
	EndGlobalSection
	GlobalSection(ProjectConfigurationPlatforms) = postSolution
		{888D09A9-0466-47DF-8731-4F51A1F7F7D2}.Debug|Any CPU.ActiveCfg = Debug|Any CPU
		{888D09A9-0466-47DF-8731-4F51A1F7F7D2}.Debug|Any CPU.Build.0 = Debug|Any CPU
		{888D09A9-0466-47DF-8731-4F51A1F7F7D2}.Release|Any CPU.ActiveCfg = Release|Any CPU
		{888D09A9-0466-47DF-8731-4F51A1F7F7D2}.Release|Any CPU.Build.0 = Release|Any CPU
	EndGlobalSection
	GlobalSection(SolutionProperties) = preSolution
		HideSolutionNode = FALSE
	EndGlobalSection
	GlobalSection(ExtensibilityGlobals) = postSolution
		SolutionGuid = {08060F8C-D78B-40BE-BB3B-63E5CDC834F2}
	EndGlobalSection
EndGlobal
